# Generated by buf. DO NOT EDIT.
version: v1
deps:
  - remote: buf.build
    owner: pquerna
    repository: protoc-gen-dynamo
    commit: 0cc7b5cca65b43bdbc4e21698a269972
    digest: shake256:6d2c2e420b1cc309bb3a9bc56cc67440cc8259899fd771261088f2466e3d250a9f65d59e439bbb64635adf5e81570b7e5ad4150e9c632ae78806c3113937df06
